
Microsoft Visual Studio Solution File, Format Version 12.00
# Visual Studio Version 17
VisualStudioVersion = 17.6.33815.320
MinimumVisualStudioVersion = 10.0.40219.1
Project("{FAE04EC0-301F-11D3-BF4B-00C04F79EFBC}") = "POO", "POO\POO.csproj", "{7818CD54-A956-4ED8-8389-3CB2C6ADDFFD}"
EndProject
Project("{FAE04EC0-301F-11D3-BF4B-00C04F79EFBC}") = "ClasseEstatica", "ClasseEstatica\ClasseEstatica.csproj", "{36453013-4168-4188-9603-7BE39864D977}"
EndProject
Project("{FAE04EC0-301F-11D3-BF4B-00C04F79EFBC}") = "Encapsulamento", "Encapsulamento\Encapsulamento.csproj", "{DC7C6D28-2FE6-4066-BB1B-08801E184201}"
EndProject
Project("{FAE04EC0-301F-11D3-BF4B-00C04F79EFBC}") = "heranca", "heranca\heranca.csproj", "{D75EC04B-6B91-4831-8A85-A64FD5DA8A1F}"
EndProject
Global
	GlobalSection(SolutionConfigurationPlatforms) = preSolution
		Debug|Any CPU = Debug|Any CPU
		Release|Any CPU = Release|Any CPU
	EndGlobalSection
	GlobalSection(ProjectConfigurationPlatforms) = postSolution
		{7818CD54-A956-4ED8-8389-3CB2C6ADDFFD}.Debug|Any CPU.ActiveCfg = Debug|Any CPU
		{7818CD54-A956-4ED8-8389-3CB2C6ADDFFD}.Debug|Any CPU.Build.0 = Debug|Any CPU
		{7818CD54-A956-4ED8-8389-3CB2C6ADDFFD}.Release|Any CPU.ActiveCfg = Release|Any CPU
		{7818CD54-A956-4ED8-8389-3CB2C6ADDFFD}.Release|Any CPU.Build.0 = Release|Any CPU
		{36453013-4168-4188-9603-7BE39864D977}.Debug|Any CPU.ActiveCfg = Debug|Any CPU
		{36453013-4168-4188-9603-7BE39864D977}.Debug|Any CPU.Build.0 = Debug|Any CPU
		{36453013-4168-4188-9603-7BE39864D977}.Release|Any CPU.ActiveCfg = Release|Any CPU
		{36453013-4168-4188-9603-7BE39864D977}.Release|Any CPU.Build.0 = Release|Any CPU
		{DC7C6D28-2FE6-4066-BB1B-08801E184201}.Debug|Any CPU.ActiveCfg = Debug|Any CPU
		{DC7C6D28-2FE6-4066-BB1B-08801E184201}.Debug|Any CPU.Build.0 = Debug|Any CPU
		{DC7C6D28-2FE6-4066-BB1B-08801E184201}.Release|Any CPU.ActiveCfg = Release|Any CPU
		{DC7C6D28-2FE6-4066-BB1B-08801E184201}.Release|Any CPU.Build.0 = Release|Any CPU
		{D75EC04B-6B91-4831-8A85-A64FD5DA8A1F}.Debug|Any CPU.ActiveCfg = Debug|Any CPU
		{D75EC04B-6B91-4831-8A85-A64FD5DA8A1F}.Debug|Any CPU.Build.0 = Debug|Any CPU
		{D75EC04B-6B91-4831-8A85-A64FD5DA8A1F}.Release|Any CPU.ActiveCfg = Release|Any CPU
		{D75EC04B-6B91-4831-8A85-A64FD5DA8A1F}.Release|Any CPU.Build.0 = Release|Any CPU
	EndGlobalSection
	GlobalSection(SolutionProperties) = preSolution
		HideSolutionNode = FALSE
	EndGlobalSection
	GlobalSection(ExtensibilityGlobals) = postSolution
		SolutionGuid = {DDA69EE7-72CA-4F4C-95C2-29C266E0DE65}
	EndGlobalSection
EndGlobal
